
Microsoft Visual Studio Solution File, Format Version 12.00
# Visual Studio Version 17
VisualStudioVersion = 17.13.35913.81 d17.13
MinimumVisualStudioVersion = 10.0.40219.1
Project("{FAE04EC0-301F-11D3-BF4B-00C04F79EFBC}") = "WinFlux", "WinFlux.csproj", "{ABF225D7-B7FA-4376-A1A2-C7ACC9F3B87F}"
EndProject
Global
	GlobalSection(SolutionConfigurationPlatforms) = preSolution
		Debug|Any CPU = Debug|Any CPU
		Release|Any CPU = Release|Any CPU
	EndGlobalSection
	GlobalSection(ProjectConfigurationPlatforms) = postSolution
		{ABF225D7-B7FA-4376-A1A2-C7ACC9F3B87F}.Debug|Any CPU.ActiveCfg = Debug|Any CPU
		{ABF225D7-B7FA-4376-A1A2-C7ACC9F3B87F}.Debug|Any CPU.Build.0 = Debug|Any CPU
		{ABF225D7-B7FA-4376-A1A2-C7ACC9F3B87F}.Release|Any CPU.ActiveCfg = Release|Any CPU
		{ABF225D7-B7FA-4376-A1A2-C7ACC9F3B87F}.Release|Any CPU.Build.0 = Release|Any CPU
	EndGlobalSection
	GlobalSection(SolutionProperties) = preSolution
		HideSolutionNode = FALSE
	EndGlobalSection
	GlobalSection(ExtensibilityGlobals) = postSolution
		SolutionGuid = {B43E3162-CBDC-497A-9EE1-611C5BEBC467}
	EndGlobalSection
EndGlobal
